
Microsoft Visual Studio Solution File, Format Version 12.00
# Visual Studio Version 17
VisualStudioVersion = 17.14.36804.6 d17.14
MinimumVisualStudioVersion = 10.0.40219.1
Project("{FAE04EC0-301F-11D3-BF4B-00C04F79EFBC}") = "Scroll Feature", "Scroll Feature.csproj", "{B29B2C4B-0A8F-47A1-A43E-1A499EBD4156}"
EndProject
Global
	GlobalSection(SolutionConfigurationPlatforms) = preSolution
		Debug|Any CPU = Debug|Any CPU
		Release|Any CPU = Release|Any CPU
	EndGlobalSection
	GlobalSection(ProjectConfigurationPlatforms) = postSolution
		{B29B2C4B-0A8F-47A1-A43E-1A499EBD4156}.Debug|Any CPU.ActiveCfg = Debug|Any CPU
		{B29B2C4B-0A8F-47A1-A43E-1A499EBD4156}.Debug|Any CPU.Build.0 = Debug|Any CPU
		{B29B2C4B-0A8F-47A1-A43E-1A499EBD4156}.Release|Any CPU.ActiveCfg = Release|Any CPU
		{B29B2C4B-0A8F-47A1-A43E-1A499EBD4156}.Release|Any CPU.Build.0 = Release|Any CPU
	EndGlobalSection
	GlobalSection(SolutionProperties) = preSolution
		HideSolutionNode = FALSE
	EndGlobalSection
	GlobalSection(ExtensibilityGlobals) = postSolution
		SolutionGuid = {0A3435FC-C9E3-4DAB-84B4-C07C5038A095}
	EndGlobalSection
EndGlobal
